// !$*UTF8*$!
{
	archiveVersion = 1;
	classes = {
	};
	objectVersion = 46;
	objects = {

/* Begin PBXBuildFile section */
		786BCAA97E69117B6EB89E8F /* Pods_DjApp.framework in Frameworks */ = {isa = PBXBuildFile; fileRef = 285C057507ED2875CFE1046B /* Pods_DjApp.framework */; };
		EE5AF8C81DFB24A000B7CA71 /* HomeViewController.swift in Sources */ = {isa = PBXBuildFile; fileRef = EE5AF8C71DFB24A000B7CA71 /* HomeViewController.swift */; };
		EE5AF8CC1DFB54F800B7CA71 /* DjListViewController.swift in Sources */ = {isa = PBXBuildFile; fileRef = EE5AF8CB1DFB54F800B7CA71 /* DjListViewController.swift */; };
		EE8E873C1E32980B000A1110 /* CustomDjCell.swift in Sources */ = {isa = PBXBuildFile; fileRef = EE8E873B1E32980B000A1110 /* CustomDjCell.swift */; };
		EEB4B8FB1DF70DFD0091033B /* Dj.swift in Sources */ = {isa = PBXBuildFile; fileRef = EEB4B8FA1DF70DFD0091033B /* Dj.swift */; };
		EEC324BE1E3209520079438F /* ProfileViewController.swift in Sources */ = {isa = PBXBuildFile; fileRef = EEC324BD1E3209520079438F /* ProfileViewController.swift */; };
		EEC324C01E322BB40079438F /* BookingViewController.swift in Sources */ = {isa = PBXBuildFile; fileRef = EEC324BF1E322BB40079438F /* BookingViewController.swift */; };
		EED70E821E34EBD000367C01 /* CustomTableViewCell.swift in Sources */ = {isa = PBXBuildFile; fileRef = EED70E801E34EBD000367C01 /* CustomTableViewCell.swift */; };
		EED70E831E34EBD000367C01 /* CustomTableViewCell.xib in Resources */ = {isa = PBXBuildFile; fileRef = EED70E811E34EBD000367C01 /* CustomTableViewCell.xib */; };
		EED70E881E34F10800367C01 /* TableViewCellProfilePic.swift in Sources */ = {isa = PBXBuildFile; fileRef = EED70E861E34F10800367C01 /* TableViewCellProfilePic.swift */; };
		EED70E891E34F10800367C01 /* TableViewCellProfilePic.xib in Resources */ = {isa = PBXBuildFile; fileRef = EED70E871E34F10800367C01 /* TableViewCellProfilePic.xib */; };
		EED70E8C1E34F11900367C01 /* TableViewCellBiography.swift in Sources */ = {isa = PBXBuildFile; fileRef = EED70E8A1E34F11900367C01 /* TableViewCellBiography.swift */; };
		EED70E8D1E34F11900367C01 /* TableViewCellBiography.xib in Resources */ = {isa = PBXBuildFile; fileRef = EED70E8B1E34F11900367C01 /* TableViewCellBiography.xib */; };
		EEF8C6671DF6DAEA00D4BAE4 /* AppDelegate.swift in Sources */ = {isa = PBXBuildFile; fileRef = EEF8C6661DF6DAEA00D4BAE4 /* AppDelegate.swift */; };
		EEF8C6691DF6DAEA00D4BAE4 /* ViewController.swift in Sources */ = {isa = PBXBuildFile; fileRef = EEF8C6681DF6DAEA00D4BAE4 /* ViewController.swift */; };
		EEF8C66C1DF6DAEA00D4BAE4 /* Main.storyboard in Resources */ = {isa = PBXBuildFile; fileRef = EEF8C66A1DF6DAEA00D4BAE4 /* Main.storyboard */; };
		EEF8C66E1DF6DAEA00D4BAE4 /* Assets.xcassets in Resources */ = {isa = PBXBuildFile; fileRef = EEF8C66D1DF6DAEA00D4BAE4 /* Assets.xcassets */; };
		EEF8C6711DF6DAEA00D4BAE4 /* LaunchScreen.storyboard in Resources */ = {isa = PBXBuildFile; fileRef = EEF8C66F1DF6DAEA00D4BAE4 /* LaunchScreen.storyboard */; };
/* End PBXBuildFile section */

/* Begin PBXFileReference section */
		285C057507ED2875CFE1046B /* Pods_DjApp.framework */ = {isa = PBXFileReference; explicitFileType = wrapper.framework; includeInIndex = 0; path = Pods_DjApp.framework; sourceTree = BUILT_PRODUCTS_DIR; };
		ADE4CAD4CA0135F079CFAB2B /* Pods-DjApp.debug.xcconfig */ = {isa = PBXFileReference; includeInIndex = 1; lastKnownFileType = text.xcconfig; name = "Pods-DjApp.debug.xcconfig"; path = "Pods/Target Support Files/Pods-DjApp/Pods-DjApp.debug.xcconfig"; sourceTree = "<group>"; };
		B5340E33090F275B7CB4A045 /* Pods-DjApp.release.xcconfig */ = {isa = PBXFileReference; includeInIndex = 1; lastKnownFileType = text.xcconfig; name = "Pods-DjApp.release.xcconfig"; path = "Pods/Target Support Files/Pods-DjApp/Pods-DjApp.release.xcconfig"; sourceTree = "<group>"; };
		EE5AF8C71DFB24A000B7CA71 /* HomeViewController.swift */ = {isa = PBXFileReference; fileEncoding = 4; lastKnownFileType = sourcecode.swift; path = HomeViewController.swift; sourceTree = "<group>"; };
		EE5AF8CB1DFB54F800B7CA71 /* DjListViewController.swift */ = {isa = PBXFileReference; fileEncoding = 4; lastKnownFileType = sourcecode.swift; path = DjListViewController.swift; sourceTree = "<group>"; };
		EE8E873B1E32980B000A1110 /* CustomDjCell.swift */ = {isa = PBXFileReference; fileEncoding = 4; lastKnownFileType = sourcecode.swift; path = CustomDjCell.swift; sourceTree = "<group>"; };
		EEB4B8FA1DF70DFD0091033B /* Dj.swift */ = {isa = PBXFileReference; fileEncoding = 4; lastKnownFileType = sourcecode.swift; path = Dj.swift; sourceTree = "<group>"; };
		EEC324BD1E3209520079438F /* ProfileViewController.swift */ = {isa = PBXFileReference; fileEncoding = 4; lastKnownFileType = sourcecode.swift; path = ProfileViewController.swift; sourceTree = "<group>"; };
		EEC324BF1E322BB40079438F /* BookingViewController.swift */ = {isa = PBXFileReference; fileEncoding = 4; lastKnownFileType = sourcecode.swift; path = BookingViewController.swift; sourceTree = "<group>"; };
		EED70E801E34EBD000367C01 /* CustomTableViewCell.swift */ = {isa = PBXFileReference; fileEncoding = 4; lastKnownFileType = sourcecode.swift; name = CustomTableViewCell.swift; path = DjApp/CustomTableViewCell.swift; sourceTree = SOURCE_ROOT; };
		EED70E811E34EBD000367C01 /* CustomTableViewCell.xib */ = {isa = PBXFileReference; fileEncoding = 4; lastKnownFileType = file.xib; name = CustomTableViewCell.xib; path = DjApp/CustomTableViewCell.xib; sourceTree = SOURCE_ROOT; };
		EED70E861E34F10800367C01 /* TableViewCellProfilePic.swift */ = {isa = PBXFileReference; fileEncoding = 4; lastKnownFileType = sourcecode.swift; path = TableViewCellProfilePic.swift; sourceTree = "<group>"; };
		EED70E871E34F10800367C01 /* TableViewCellProfilePic.xib */ = {isa = PBXFileReference; fileEncoding = 4; lastKnownFileType = file.xib; path = TableViewCellProfilePic.xib; sourceTree = "<group>"; };
		EED70E8A1E34F11900367C01 /* TableViewCellBiography.swift */ = {isa = PBXFileReference; fileEncoding = 4; lastKnownFileType = sourcecode.swift; path = TableViewCellBiography.swift; sourceTree = "<group>"; };
		EED70E8B1E34F11900367C01 /* TableViewCellBiography.xib */ = {isa = PBXFileReference; fileEncoding = 4; lastKnownFileType = file.xib; path = TableViewCellBiography.xib; sourceTree = "<group>"; };
		EEF8C6631DF6DAEA00D4BAE4 /* DjApp.app */ = {isa = PBXFileReference; explicitFileType = wrapper.application; includeInIndex = 0; path = DjApp.app; sourceTree = BUILT_PRODUCTS_DIR; };
		EEF8C6661DF6DAEA00D4BAE4 /* AppDelegate.swift */ = {isa = PBXFileReference; lastKnownFileType = sourcecode.swift; path = AppDelegate.swift; sourceTree = "<group>"; };
		EEF8C6681DF6DAEA00D4BAE4 /* ViewController.swift */ = {isa = PBXFileReference; lastKnownFileType = sourcecode.swift; path = ViewController.swift; sourceTree = "<group>"; };
		EEF8C66B1DF6DAEA00D4BAE4 /* Base */ = {isa = PBXFileReference; lastKnownFileType = file.storyboard; name = Base; path = Base.lproj/Main.storyboard; sourceTree = "<group>"; };
		EEF8C66D1DF6DAEA00D4BAE4 /* Assets.xcassets */ = {isa = PBXFileReference; lastKnownFileType = folder.assetcatalog; path = Assets.xcassets; sourceTree = "<group>"; };
		EEF8C6701DF6DAEA00D4BAE4 /* Base */ = {isa = PBXFileReference; lastKnownFileType = file.storyboard; name = Base; path = Base.lproj/LaunchScreen.storyboard; sourceTree = "<group>"; };
		EEF8C6721DF6DAEA00D4BAE4 /* Info.plist */ = {isa = PBXFileReference; lastKnownFileType = text.plist.xml; path = Info.plist; sourceTree = "<group>"; };
/* End PBXFileReference section */

/* Begin PBXFrameworksBuildPhase section */
		EEF8C6601DF6DAEA00D4BAE4 /* Frameworks */ = {
			isa = PBXFrameworksBuildPhase;
			buildActionMask = 2147483647;
			files = (
				786BCAA97E69117B6EB89E8F /* Pods_DjApp.framework in Frameworks */,
			);
			runOnlyForDeploymentPostprocessing = 0;
		};
/* End PBXFrameworksBuildPhase section */

/* Begin PBXGroup section */
		05907A9576F61716B4B1B6C5 /* Frameworks */ = {
			isa = PBXGroup;
			children = (
				285C057507ED2875CFE1046B /* Pods_DjApp.framework */,
			);
			name = Frameworks;
			sourceTree = "<group>";
		};
		216FD17694DE88C6335CDBF8 /* Pods */ = {
			isa = PBXGroup;
			children = (
				ADE4CAD4CA0135F079CFAB2B /* Pods-DjApp.debug.xcconfig */,
				B5340E33090F275B7CB4A045 /* Pods-DjApp.release.xcconfig */,
			);
			name = Pods;
			sourceTree = "<group>";
		};
		EE8E873A1E3297D5000A1110 /* Views */ = {
			isa = PBXGroup;
			children = (
				EED70E801E34EBD000367C01 /* CustomTableViewCell.swift */,
				EED70E811E34EBD000367C01 /* CustomTableViewCell.xib */,
				EE8E873B1E32980B000A1110 /* CustomDjCell.swift */,
				EED70E861E34F10800367C01 /* TableViewCellProfilePic.swift */,
				EED70E871E34F10800367C01 /* TableViewCellProfilePic.xib */,
				EED70E8A1E34F11900367C01 /* TableViewCellBiography.swift */,
				EED70E8B1E34F11900367C01 /* TableViewCellBiography.xib */,
			);
			path = Views;
			sourceTree = "<group>";
		};
		EEB4B8F51DF701B00091033B /* ViewControllers */ = {
			isa = PBXGroup;
			children = (
				EE5AF8C71DFB24A000B7CA71 /* HomeViewController.swift */,
				EE5AF8CB1DFB54F800B7CA71 /* DjListViewController.swift */,
				EEC324BD1E3209520079438F /* ProfileViewController.swift */,
				EEC324BF1E322BB40079438F /* BookingViewController.swift */,
			);
			path = ViewControllers;
			sourceTree = "<group>";
		};
		EEB4B8F71DF7020B0091033B /* Model */ = {
			isa = PBXGroup;
			children = (
				EEB4B8FA1DF70DFD0091033B /* Dj.swift */,
			);
			path = Model;
			sourceTree = "<group>";
		};
		EEF8C65A1DF6DAEA00D4BAE4 = {
			isa = PBXGroup;
			children = (
				EEF8C6651DF6DAEA00D4BAE4 /* DjApp */,
				EEF8C6641DF6DAEA00D4BAE4 /* Products */,
				216FD17694DE88C6335CDBF8 /* Pods */,
				05907A9576F61716B4B1B6C5 /* Frameworks */,
			);
			sourceTree = "<group>";
		};
		EEF8C6641DF6DAEA00D4BAE4 /* Products */ = {
			isa = PBXGroup;
			children = (
				EEF8C6631DF6DAEA00D4BAE4 /* DjApp.app */,
			);
			name = Products;
			sourceTree = "<group>";
		};
		EEF8C6651DF6DAEA00D4BAE4 /* DjApp */ = {
			isa = PBXGroup;
			children = (
				EE8E873A1E3297D5000A1110 /* Views */,
				EEB4B8F71DF7020B0091033B /* Model */,
				EEB4B8F51DF701B00091033B /* ViewControllers */,
				EEF8C6661DF6DAEA00D4BAE4 /* AppDelegate.swift */,
				EEF8C6681DF6DAEA00D4BAE4 /* ViewController.swift */,
				EEF8C66A1DF6DAEA00D4BAE4 /* Main.storyboard */,
				EEF8C66D1DF6DAEA00D4BAE4 /* Assets.xcassets */,
				EEF8C66F1DF6DAEA00D4BAE4 /* LaunchScreen.storyboard */,
				EEF8C6721DF6DAEA00D4BAE4 /* Info.plist */,
			);
			path = DjApp;
			sourceTree = "<group>";
		};
/* End PBXGroup section */

/* Begin PBXNativeTarget section */
		EEF8C6621DF6DAEA00D4BAE4 /* DjApp */ = {
			isa = PBXNativeTarget;
			buildConfigurationList = EEF8C6751DF6DAEA00D4BAE4 /* Build configuration list for PBXNativeTarget "DjApp" */;
			buildPhases = (
				50D2C1E830520EE5B683C732 /* [CP] Check Pods Manifest.lock */,
				EEF8C65F1DF6DAEA00D4BAE4 /* Sources */,
				EEF8C6601DF6DAEA00D4BAE4 /* Frameworks */,
				EEF8C6611DF6DAEA00D4BAE4 /* Resources */,
				D92A8D1559F546DE15690CFC /* [CP] Embed Pods Frameworks */,
				3E6C6A8EC8743285560F1640 /* [CP] Copy Pods Resources */,
			);
			buildRules = (
			);
			dependencies = (
			);
			name = DjApp;
			productName = DjApp;
			productReference = EEF8C6631DF6DAEA00D4BAE4 /* DjApp.app */;
			productType = "com.apple.product-type.application";
		};
/* End PBXNativeTarget section */

/* Begin PBXProject section */
		EEF8C65B1DF6DAEA00D4BAE4 /* Project object */ = {
			isa = PBXProject;
			attributes = {
				LastSwiftUpdateCheck = 0810;
				LastUpgradeCheck = 0820;
				ORGANIZATIONNAME = "Cedric Debot";
				TargetAttributes = {
					EEF8C6621DF6DAEA00D4BAE4 = {
						CreatedOnToolsVersion = 8.1;
						DevelopmentTeam = 7GE8UH2X5X;
						ProvisioningStyle = Automatic;
					};
				};
			};
			buildConfigurationList = EEF8C65E1DF6DAEA00D4BAE4 /* Build configuration list for PBXProject "DjApp" */;
			compatibilityVersion = "Xcode 3.2";
			developmentRegion = English;
			hasScannedForEncodings = 0;
			knownRegions = (
				en,
				Base,
			);
			mainGroup = EEF8C65A1DF6DAEA00D4BAE4;
			productRefGroup = EEF8C6641DF6DAEA00D4BAE4 /* Products */;
			projectDirPath = "";
			projectRoot = "";
			targets = (
				EEF8C6621DF6DAEA00D4BAE4 /* DjApp */,
			);
		};
/* End PBXProject section */

/* Begin PBXResourcesBuildPhase section */
		EEF8C6611DF6DAEA00D4BAE4 /* Resources */ = {
			isa = PBXResourcesBuildPhase;
			buildActionMask = 2147483647;
			files = (
				EEF8C6711DF6DAEA00D4BAE4 /* LaunchScreen.storyboard in Resources */,
				EEF8C66E1DF6DAEA00D4BAE4 /* Assets.xcassets in Resources */,
				EED70E831E34EBD000367C01 /* CustomTableViewCell.xib in Resources */,
				EED70E891E34F10800367C01 /* TableViewCellProfilePic.xib in Resources */,
				EEF8C66C1DF6DAEA00D4BAE4 /* Main.storyboard in Resources */,
				EED70E8D1E34F11900367C01 /* TableViewCellBiography.xib in Resources */,
			);
			runOnlyForDeploymentPostprocessing = 0;
		};
/* End PBXResourcesBuildPhase section */

/* Begin PBXShellScriptBuildPhase section */
		3E6C6A8EC8743285560F1640 /* [CP] Copy Pods Resources */ = {
			isa = PBXShellScriptBuildPhase;
			buildActionMask = 2147483647;
			files = (
			);
			inputPaths = (
			);
			name = "[CP] Copy Pods Resources";
			outputPaths = (
			);
			runOnlyForDeploymentPostprocessing = 0;
			shellPath = /bin/sh;
			shellScript = "\"${SRCROOT}/Pods/Target Support Files/Pods-DjApp/Pods-DjApp-resources.sh\"\n";
			showEnvVarsInLog = 0;
		};
		50D2C1E830520EE5B683C732 /* [CP] Check Pods Manifest.lock */ = {
			isa = PBXShellScriptBuildPhase;
			buildActionMask = 2147483647;
			files = (
			);
			inputPaths = (
			);
			name = "[CP] Check Pods Manifest.lock";
			outputPaths = (
			);
			runOnlyForDeploymentPostprocessing = 0;
			shellPath = /bin/sh;
			shellScript = "diff \"${PODS_ROOT}/../Podfile.lock\" \"${PODS_ROOT}/Manifest.lock\" > /dev/null\nif [ $? != 0 ] ; then\n    # print error to STDERR\n    echo \"error: The sandbox is not in sync with the Podfile.lock. Run 'pod install' or update your CocoaPods installation.\" >&2\n    exit 1\nfi\n";
			showEnvVarsInLog = 0;
		};
		D92A8D1559F546DE15690CFC /* [CP] Embed Pods Frameworks */ = {
			isa = PBXShellScriptBuildPhase;
			buildActionMask = 2147483647;
			files = (
			);
			inputPaths = (
			);
			name = "[CP] Embed Pods Frameworks";
			outputPaths = (
			);
			runOnlyForDeploymentPostprocessing = 0;
			shellPath = /bin/sh;
			shellScript = "\"${SRCROOT}/Pods/Target Support Files/Pods-DjApp/Pods-DjApp-frameworks.sh\"\n";
			showEnvVarsInLog = 0;
		};
/* End PBXShellScriptBuildPhase section */

/* Begin PBXSourcesBuildPhase section */
		EEF8C65F1DF6DAEA00D4BAE4 /* Sources */ = {
			isa = PBXSourcesBuildPhase;
			buildActionMask = 2147483647;
			files = (
				EED70E881E34F10800367C01 /* TableViewCellProfilePic.swift in Sources */,
				EEC324C01E322BB40079438F /* BookingViewController.swift in Sources */,
				EE8E873C1E32980B000A1110 /* CustomDjCell.swift in Sources */,
				EE5AF8C81DFB24A000B7CA71 /* HomeViewController.swift in Sources */,
				EE5AF8CC1DFB54F800B7CA71 /* DjListViewController.swift in Sources */,
				EED70E821E34EBD000367C01 /* CustomTableViewCell.swift in Sources */,
				EEF8C6691DF6DAEA00D4BAE4 /* ViewController.swift in Sources */,
				EED70E8C1E34F11900367C01 /* TableViewCellBiography.swift in Sources */,
				EEB4B8FB1DF70DFD0091033B /* Dj.swift in Sources */,
				EEF8C6671DF6DAEA00D4BAE4 /* AppDelegate.swift in Sources */,
				EEC324BE1E3209520079438F /* ProfileViewController.swift in Sources */,
			);
			runOnlyForDeploymentPostprocessing = 0;
		};
/* End PBXSourcesBuildPhase section */

/* Begin PBXVariantGroup section */
		EEF8C66A1DF6DAEA00D4BAE4 /* Main.storyboard */ = {
			isa = PBXVariantGroup;
			children = (
				EEF8C66B1DF6DAEA00D4BAE4 /* Base */,
			);
			name = Main.storyboard;
			sourceTree = "<group>";
		};
		EEF8C66F1DF6DAEA00D4BAE4 /* LaunchScreen.storyboard */ = {
			isa = PBXVariantGroup;
			children = (
				EEF8C6701DF6DAEA00D4BAE4 /* Base */,
			);
			name = LaunchScreen.storyboard;
			sourceTree = "<group>";
		};
/* End PBXVariantGroup section */

/* Begin XCBuildConfiguration section */
		EEF8C6731DF6DAEA00D4BAE4 /* Debug */ = {
			isa = XCBuildConfiguration;
			buildSettings = {
				ALWAYS_SEARCH_USER_PATHS = NO;
				CLANG_ANALYZER_NONNULL = YES;
				CLANG_CXX_LANGUAGE_STANDARD = "gnu++0x";
				CLANG_CXX_LIBRARY = "libc++";
				CLANG_ENABLE_MODULES = YES;
				CLANG_ENABLE_OBJC_ARC = YES;
				CLANG_WARN_BOOL_CONVERSION = YES;
				CLANG_WARN_CONSTANT_CONVERSION = YES;
				CLANG_WARN_DIRECT_OBJC_ISA_USAGE = YES_ERROR;
				CLANG_WARN_DOCUMENTATION_COMMENTS = YES;
				CLANG_WARN_EMPTY_BODY = YES;
				CLANG_WARN_ENUM_CONVERSION = YES;
				CLANG_WARN_INFINITE_RECURSION = YES;
				CLANG_WARN_INT_CONVERSION = YES;
				CLANG_WARN_OBJC_ROOT_CLASS = YES_ERROR;
				CLANG_WARN_SUSPICIOUS_MOVE = YES;
				CLANG_WARN_SUSPICIOUS_MOVES = YES;
				CLANG_WARN_UNREACHABLE_CODE = YES;
				CLANG_WARN__DUPLICATE_METHOD_MATCH = YES;
				"CODE_SIGN_IDENTITY[sdk=iphoneos*]" = "iPhone Developer";
				COPY_PHASE_STRIP = NO;
				DEBUG_INFORMATION_FORMAT = dwarf;
				ENABLE_STRICT_OBJC_MSGSEND = YES;
				ENABLE_TESTABILITY = YES;
				GCC_C_LANGUAGE_STANDARD = gnu99;
				GCC_DYNAMIC_NO_PIC = NO;
				GCC_NO_COMMON_BLOCKS = YES;
				GCC_OPTIMIZATION_LEVEL = 0;
				GCC_PREPROCESSOR_DEFINITIONS = (
					"DEBUG=1",
					"$(inherited)",
				);
				GCC_WARN_64_TO_32_BIT_CONVERSION = YES;
				GCC_WARN_ABOUT_RETURN_TYPE = YES_ERROR;
				GCC_WARN_UNDECLARED_SELECTOR = YES;
				GCC_WARN_UNINITIALIZED_AUTOS = YES_AGGRESSIVE;
				GCC_WARN_UNUSED_FUNCTION = YES;
				GCC_WARN_UNUSED_VARIABLE = YES;
				IPHONEOS_DEPLOYMENT_TARGET = 10.1;
				MTL_ENABLE_DEBUG_INFO = YES;
				ONLY_ACTIVE_ARCH = YES;
				SDKROOT = iphoneos;
				SWIFT_ACTIVE_COMPILATION_CONDITIONS = DEBUG;
				SWIFT_OPTIMIZATION_LEVEL = "-Onone";
				TARGETED_DEVICE_FAMILY = "1,2";
			};
			name = Debug;
		};
		EEF8C6741DF6DAEA00D4BAE4 /* Release */ = {
			isa = XCBuildConfiguration;
			buildSettings = {
				ALWAYS_SEARCH_USER_PATHS = NO;
				CLANG_ANALYZER_NONNULL = YES;
				CLANG_CXX_LANGUAGE_STANDARD = "gnu++0x";
				CLANG_CXX_LIBRARY = "libc++";
				CLANG_ENABLE_MODULES = YES;
				CLANG_ENABLE_OBJC_ARC = YES;
				CLANG_WARN_BOOL_CONVERSION = YES;
				CLANG_WARN_CONSTANT_CONVERSION = YES;
				CLANG_WARN_DIRECT_OBJC_ISA_USAGE = YES_ERROR;
				CLANG_WARN_DOCUMENTATION_COMMENTS = YES;
				CLANG_WARN_EMPTY_BODY = YES;
				CLANG_WARN_ENUM_CONVERSION = YES;
				CLANG_WARN_INFINITE_RECURSION = YES;
				CLANG_WARN_INT_CONVERSION = YES;
				CLANG_WARN_OBJC_ROOT_CLASS = YES_ERROR;
				CLANG_WARN_SUSPICIOUS_MOVE = YES;
				CLANG_WARN_SUSPICIOUS_MOVES = YES;
				CLANG_WARN_UNREACHABLE_CODE = YES;
				CLANG_WARN__DUPLICATE_METHOD_MATCH = YES;
				"CODE_SIGN_IDENTITY[sdk=iphoneos*]" = "iPhone Developer";
				COPY_PHASE_STRIP = NO;
				DEBUG_INFORMATION_FORMAT = "dwarf-with-dsym";
				ENABLE_NS_ASSERTIONS = NO;
				ENABLE_STRICT_OBJC_MSGSEND = YES;
				GCC_C_LANGUAGE_STANDARD = gnu99;
				GCC_NO_COMMON_BLOCKS = YES;
				GCC_WARN_64_TO_32_BIT_CONVERSION = YES;
				GCC_WARN_ABOUT_RETURN_TYPE = YES_ERROR;
				GCC_WARN_UNDECLARED_SELECTOR = YES;
				GCC_WARN_UNINITIALIZED_AUTOS = YES_AGGRESSIVE;
				GCC_WARN_UNUSED_FUNCTION = YES;
				GCC_WARN_UNUSED_VARIABLE = YES;
				IPHONEOS_DEPLOYMENT_TARGET = 10.1;
				MTL_ENABLE_DEBUG_INFO = NO;
				SDKROOT = iphoneos;
				SWIFT_OPTIMIZATION_LEVEL = "-Owholemodule";
				TARGETED_DEVICE_FAMILY = "1,2";
				VALIDATE_PRODUCT = YES;
			};
			name = Release;
		};
		EEF8C6761DF6DAEA00D4BAE4 /* Debug */ = {
			isa = XCBuildConfiguration;
			baseConfigurationReference = ADE4CAD4CA0135F079CFAB2B /* Pods-DjApp.debug.xcconfig */;
			buildSettings = {
				ASSETCATALOG_COMPILER_APPICON_NAME = AppIcon;
				DEVELOPMENT_TEAM = 7GE8UH2X5X;
				INFOPLIST_FILE = DjApp/Info.plist;
				LD_RUNPATH_SEARCH_PATHS = "$(inherited) @executable_path/Frameworks";
				PRODUCT_BUNDLE_IDENTIFIER = CedricDebot.DjApp;
				PRODUCT_NAME = "$(TARGET_NAME)";
				SWIFT_VERSION = 3.0;
			};
			name = Debug;
		};
		EEF8C6771DF6DAEA00D4BAE4 /* Release */ = {
			isa = XCBuildConfiguration;
			baseConfigurationReference = B5340E33090F275B7CB4A045 /* Pods-DjApp.release.xcconfig */;
			buildSettings = {
				ASSETCATALOG_COMPILER_APPICON_NAME = AppIcon;
				DEVELOPMENT_TEAM = 7GE8UH2X5X;
				INFOPLIST_FILE = DjApp/Info.plist;
				LD_RUNPATH_SEARCH_PATHS = "$(inherited) @executable_path/Frameworks";
				PRODUCT_BUNDLE_IDENTIFIER = CedricDebot.DjApp;
				PRODUCT_NAME = "$(TARGET_NAME)";
				SWIFT_VERSION = 3.0;
			};
			name = Release;
		};
/* End XCBuildConfiguration section */

/* Begin XCConfigurationList section */
		EEF8C65E1DF6DAEA00D4BAE4 /* Build configuration list for PBXProject "DjApp" */ = {
			isa = XCConfigurationList;
			buildConfigurations = (
				EEF8C6731DF6DAEA00D4BAE4 /* Debug */,
				EEF8C6741DF6DAEA00D4BAE4 /* Release */,
			);
			defaultConfigurationIsVisible = 0;
			defaultConfigurationName = Release;
		};
		EEF8C6751DF6DAEA00D4BAE4 /* Build configuration list for PBXNativeTarget "DjApp" */ = {
			isa = XCConfigurationList;
			buildConfigurations = (
				EEF8C6761DF6DAEA00D4BAE4 /* Debug */,
				EEF8C6771DF6DAEA00D4BAE4 /* Release */,
			);
			defaultConfigurationIsVisible = 0;
			defaultConfigurationName = Release;
		};
/* End XCConfigurationList section */
	};
	rootObject = EEF8C65B1DF6DAEA00D4BAE4 /* Project object */;
}
